
Microsoft Visual Studio Solution File, Format Version 12.00
# Visual Studio Version 17
VisualStudioVersion = 17.9.34728.123
MinimumVisualStudioVersion = 10.0.40219.1
Project("{FAE04EC0-301F-11D3-BF4B-00C04F79EFBC}") = "cadastro de contatos", "cadastro de contatos.csproj", "{99458C3B-18BC-46A6-9AFA-02454F70E949}"
EndProject
Global
	GlobalSection(SolutionConfigurationPlatforms) = preSolution
		Debug|Any CPU = Debug|Any CPU
		Release|Any CPU = Release|Any CPU
	EndGlobalSection
	GlobalSection(ProjectConfigurationPlatforms) = postSolution
		{99458C3B-18BC-46A6-9AFA-02454F70E949}.Debug|Any CPU.ActiveCfg = Debug|Any CPU
		{99458C3B-18BC-46A6-9AFA-02454F70E949}.Debug|Any CPU.Build.0 = Debug|Any CPU
		{99458C3B-18BC-46A6-9AFA-02454F70E949}.Release|Any CPU.ActiveCfg = Release|Any CPU
		{99458C3B-18BC-46A6-9AFA-02454F70E949}.Release|Any CPU.Build.0 = Release|Any CPU
	EndGlobalSection
	GlobalSection(SolutionProperties) = preSolution
		HideSolutionNode = FALSE
	EndGlobalSection
	GlobalSection(ExtensibilityGlobals) = postSolution
		SolutionGuid = {332D5B57-63FF-4D16-80D0-F1AA00D3FAD0}
	EndGlobalSection
EndGlobal
